
Microsoft Visual Studio Solution File, Format Version 12.00
# Visual Studio Version 17
VisualStudioVersion = 17.14.36518.9
MinimumVisualStudioVersion = 10.0.40219.1
Project("{FAE04EC0-301F-11D3-BF4B-00C04F79EFBC}") = "LanguageFeatures", "LanguageFeatures\LanguageFeatures.csproj", "{FF32BD09-8C43-4634-A856-801D7E7814EF}"
EndProject
Project("{FAE04EC0-301F-11D3-BF4B-00C04F79EFBC}") = "ExtensionMethods", "ExtensionMethods\ExtensionMethods.csproj", "{58DB1B87-8DE8-48B7-B75B-3239EAB2E99E}"
EndProject
Project("{FAE04EC0-301F-11D3-BF4B-00C04F79EFBC}") = "LinqExample", "LinqExample\LinqExample.csproj", "{ACB2B05D-969F-43B1-957A-A945CA095305}"
EndProject
Project("{FAE04EC0-301F-11D3-BF4B-00C04F79EFBC}") = "LinqExample2", "LinqExample2\LinqExample2.csproj", "{0652F190-505A-4C76-9EA8-4CF8B483DFCC}"
EndProject
Global
	GlobalSection(SolutionConfigurationPlatforms) = preSolution
		Debug|Any CPU = Debug|Any CPU
		Release|Any CPU = Release|Any CPU
	EndGlobalSection
	GlobalSection(ProjectConfigurationPlatforms) = postSolution
		{FF32BD09-8C43-4634-A856-801D7E7814EF}.Debug|Any CPU.ActiveCfg = Debug|Any CPU
		{FF32BD09-8C43-4634-A856-801D7E7814EF}.Debug|Any CPU.Build.0 = Debug|Any CPU
		{FF32BD09-8C43-4634-A856-801D7E7814EF}.Release|Any CPU.ActiveCfg = Release|Any CPU
		{FF32BD09-8C43-4634-A856-801D7E7814EF}.Release|Any CPU.Build.0 = Release|Any CPU
		{58DB1B87-8DE8-48B7-B75B-3239EAB2E99E}.Debug|Any CPU.ActiveCfg = Debug|Any CPU
		{58DB1B87-8DE8-48B7-B75B-3239EAB2E99E}.Debug|Any CPU.Build.0 = Debug|Any CPU
		{58DB1B87-8DE8-48B7-B75B-3239EAB2E99E}.Release|Any CPU.ActiveCfg = Release|Any CPU
		{58DB1B87-8DE8-48B7-B75B-3239EAB2E99E}.Release|Any CPU.Build.0 = Release|Any CPU
		{ACB2B05D-969F-43B1-957A-A945CA095305}.Debug|Any CPU.ActiveCfg = Debug|Any CPU
		{ACB2B05D-969F-43B1-957A-A945CA095305}.Debug|Any CPU.Build.0 = Debug|Any CPU
		{ACB2B05D-969F-43B1-957A-A945CA095305}.Release|Any CPU.ActiveCfg = Release|Any CPU
		{ACB2B05D-969F-43B1-957A-A945CA095305}.Release|Any CPU.Build.0 = Release|Any CPU
		{0652F190-505A-4C76-9EA8-4CF8B483DFCC}.Debug|Any CPU.ActiveCfg = Debug|Any CPU
		{0652F190-505A-4C76-9EA8-4CF8B483DFCC}.Debug|Any CPU.Build.0 = Debug|Any CPU
		{0652F190-505A-4C76-9EA8-4CF8B483DFCC}.Release|Any CPU.ActiveCfg = Release|Any CPU
		{0652F190-505A-4C76-9EA8-4CF8B483DFCC}.Release|Any CPU.Build.0 = Release|Any CPU
	EndGlobalSection
	GlobalSection(SolutionProperties) = preSolution
		HideSolutionNode = FALSE
	EndGlobalSection
	GlobalSection(ExtensibilityGlobals) = postSolution
		SolutionGuid = {1EC51F60-6656-4533-91F9-51DA35054059}
	EndGlobalSection
EndGlobal
